
Microsoft Visual Studio Solution File, Format Version 12.00
# Visual Studio Version 17
VisualStudioVersion = 17.3.32811.315
MinimumVisualStudioVersion = 10.0.40219.1
Project("{FAE04EC0-301F-11D3-BF4B-00C04F79EFBC}") = "DovizKurlarınıCekme", "DovizKurlarınıCekme\DovizKurlarınıCekme.csproj", "{FC91ADEE-03A5-46A6-8994-B2FB1F83E398}"
EndProject
Global
	GlobalSection(SolutionConfigurationPlatforms) = preSolution
		Debug|Any CPU = Debug|Any CPU
		Release|Any CPU = Release|Any CPU
	EndGlobalSection
	GlobalSection(ProjectConfigurationPlatforms) = postSolution
		{FC91ADEE-03A5-46A6-8994-B2FB1F83E398}.Debug|Any CPU.ActiveCfg = Debug|Any CPU
		{FC91ADEE-03A5-46A6-8994-B2FB1F83E398}.Debug|Any CPU.Build.0 = Debug|Any CPU
		{FC91ADEE-03A5-46A6-8994-B2FB1F83E398}.Release|Any CPU.ActiveCfg = Release|Any CPU
		{FC91ADEE-03A5-46A6-8994-B2FB1F83E398}.Release|Any CPU.Build.0 = Release|Any CPU
	EndGlobalSection
	GlobalSection(SolutionProperties) = preSolution
		HideSolutionNode = FALSE
	EndGlobalSection
	GlobalSection(ExtensibilityGlobals) = postSolution
		SolutionGuid = {0BD2700E-E22B-43C5-860A-EB19FCF95342}
	EndGlobalSection
EndGlobal
